{
  "renv": {
    "Version": "0.6.0-41"
  },
  "R": {
    "Version": "3.6.0",
    "Repositories": [
      {
        "Name": "CRAN",
        "URL": "https://cran.rstudio.com/"
      },
      {
        "Name": "BioCsoft",
        "URL": "https://bioconductor.org/packages/3.9/bioc"
      },
      {
        "Name": "BioCann",
        "URL": "https://bioconductor.org/packages/3.9/data/annotation"
      },
      {
        "Name": "BioCexp",
        "URL": "https://bioconductor.org/packages/3.9/data/experiment"
      },
      {
        "Name": "BioCworkflows",
        "URL": "https://bioconductor.org/packages/3.9/workflows"
      },
      {
        "Name": "CRAN",
        "URL": "https://cran.rstudio.com/"
      }
    ]
  },
  "Bioconductor": {
    "Repositories": [
      {
        "Name": "BioCsoft",
        "URL": "https://bioconductor.org/packages/3.9/bioc"
      },
      {
        "Name": "BioCann",
        "URL": "https://bioconductor.org/packages/3.9/data/annotation"
      },
      {
        "Name": "BioCexp",
        "URL": "https://bioconductor.org/packages/3.9/data/experiment"
      },
      {
        "Name": "BioCworkflows",
        "URL": "https://bioconductor.org/packages/3.9/workflows"
      },
      {
        "Name": "CRAN",
        "URL": "https://cran.rstudio.com/"
      }
    ]
  },
  "Packages": {
    "BH": {
      "Package": "BH",
      "Version": "1.69.0-1",
      "Source": "CRAN",
      "RemoteType": "standard",
      "RemoteRef": "BH",
      "RemoteRepos": "https://cran.rstudio.com",
      "RemoteSha": "1.69.0-1",
      "Hash": "0fde015f5153e51df44981da0767f522"
    },
    "Biobase": {
      "Package": "Biobase",
      "Version": "2.44.0",
      "Source": "Bioconductor",
      "RemoteType": "standard",
      "RemoteRef": "Biobase",
      "RemoteRepos": "https://bioconductor.org/packages/3.9/bioc",
      "RemoteSha": "2.44.0",
      "Hash": "4d603778097e0917bcd309eff2f314f9"
    },
    "BiocGenerics": {
      "Package": "BiocGenerics",
      "Version": "0.30.0",
      "Source": "Bioconductor",
      "RemoteType": "standard",
      "RemoteRef": "BiocGenerics",
      "RemoteRepos": "https://bioconductor.org/packages/3.9/bioc",
      "RemoteSha": "0.30.0",
      "Hash": "0e4a1c136ce54159dbc4743379861d92"
    },
    "BiocManager": {
      "Package": "BiocManager",
      "Version": "1.30.4",
      "Source": "CRAN",
      "RemoteType": "standard",
      "RemoteRef": "BiocManager",
      "RemoteRepos": "https://cran.rstudio.com",
      "RemoteSha": "1.30.4",
      "Hash": "0c1bdd16365abbcb1751ee93616f8063"
    },
    "Biostrings": {
      "Package": "Biostrings",
      "Version": "2.52.0",
      "Source": "Bioconductor",
      "RemoteType": "standard",
      "RemoteRef": "Biostrings",
      "RemoteRepos": "https://bioconductor.org/packages/3.9/bioc",
      "RemoteSha": "2.52.0",
      "Hash": "f464deb7ac0354a6fb0c9e793db22744"
    },
    "DBI": {
      "Package": "DBI",
      "Version": "1.0.0",
      "Source": "CRAN",
      "RemoteType": "standard",
      "RemoteRef": "DBI",
      "RemoteRepos": "https://cran.rstudio.com",
      "RemoteSha": "1.0.0",
      "Hash": "7cc95584fc890369de45a654dab742cd"
    },
    "DECIPHER": {
      "Package": "DECIPHER",
      "Version": "2.12.0",
      "Source": "Bioconductor",
      "RemoteType": "standard",
      "RemoteRef": "DECIPHER",
      "RemoteRepos": "https://bioconductor.org/packages/3.9/bioc",
      "RemoteSha": "2.12.0",
      "Hash": "d6321c405f8bd1fac0c4a13d427cd830"
    },
    "DEoptimR": {
      "Package": "DEoptimR",
      "Version": "1.0-8",
      "Source": "CRAN",
      "RemoteType": "standard",
      "RemoteRef": "DEoptimR",
      "RemoteRepos": "https://cran.rstudio.com",
      "RemoteSha": "1.0-8",
      "Hash": "af0bde82e17993678f965d06893f84b1"
    },
    "IRanges": {
      "Package": "IRanges",
      "Version": "2.18.1",
      "Source": "Bioconductor",
      "RemoteType": "standard",
      "RemoteRef": "IRanges",
      "RemoteRepos": "https://bioconductor.org/packages/3.9/bioc",
      "RemoteSha": "2.18.1",
      "Hash": "734d23594c31eff82b1bc61e584fde33"
    },
    "MASS": {
      "Package": "MASS",
      "Version": "7.3-51.4",
      "Source": "CRAN",
      "RemoteType": "standard",
      "RemoteRef": "MASS",
      "RemoteRepos": "https://cran.rstudio.com",
      "RemoteSha": "7.3-51.4",
      "Hash": "a489ad42493fa9bfac8f3e3a3bc7d4ca"
    },
    "Matrix": {
      "Package": "Matrix",
      "Version": "1.2-17",
      "Source": "CRAN",
      "RemoteType": "standard",
      "RemoteRef": "Matrix",
      "RemoteRepos": "https://cran.rstudio.com",
      "RemoteSha": "1.2-17",
      "Hash": "01bbb1eb2a0fc9adc2eb1997c5e5f8da"
    },
    "MiSPU": {
      "Package": "MiSPU",
      "Version": "1.0",
      "Source": "CRAN",
      "RemoteType": "standard",
      "RemoteRef": "MiSPU",
      "RemoteRepos": "https://cran.rstudio.com",
      "RemoteSha": "1.0",
      "Hash": "e46d685c163128caceb6bf45d7f70ae6"
    },
    "R6": {
      "Package": "R6",
      "Version": "2.4.0",
      "Source": "CRAN",
      "Hash": "92b50d943a7c76c67918c1e1beb68627"
    },
    "RColorBrewer": {
      "Package": "RColorBrewer",
      "Version": "1.1-2",
      "Source": "CRAN",
      "RemoteType": "standard",
      "RemoteRef": "RColorBrewer",
      "RemoteRepos": "https://cran.rstudio.com",
      "RemoteSha": "1.1-2",
      "Hash": "f8a3bcc800d613797f1dfdf8ef4f0bfc"
    },
    "RMTstat": {
      "Package": "RMTstat",
      "Version": "0.3",
      "Source": "CRAN",
      "RemoteType": "standard",
      "RemoteRef": "RMTstat",
      "RemoteRepos": "https://cran.rstudio.com",
      "RemoteSha": "0.3",
      "Hash": "69a0518d98d440473ab8ebbf27907dbb"
    },
    "RSQLite": {
      "Package": "RSQLite",
      "Version": "2.1.2",
      "Source": "CRAN",
      "RemoteType": "standard",
      "RemoteRef": "RSQLite",
      "RemoteRepos": "https://cran.rstudio.com",
      "RemoteSha": "2.1.2",
      "Hash": "f76c6808860a82583b01ad0b4fda43bd"
    },
    "Rcpp": {
      "Package": "Rcpp",
      "Version": "1.0.2",
      "Source": "CRAN",
      "RemoteType": "standard",
      "RemoteRef": "Rcpp",
      "RemoteRepos": "https://cran.rstudio.com",
      "RemoteSha": "1.0.2",
      "Hash": "c25fa7d5684fa7001ddfea3755243975"
    },
    "RcppArmadillo": {
      "Package": "RcppArmadillo",
      "Version": "0.9.600.4.0",
      "Source": "CRAN",
      "RemoteType": "standard",
      "RemoteRef": "RcppArmadillo",
      "RemoteRepos": "https://cran.rstudio.com",
      "RemoteSha": "0.9.600.4.0",
      "Hash": "57ecd65f250da202aa6c618074bcdb30"
    },
    "RefManageR": {
      "Package": "RefManageR",
      "Version": "1.2.12",
      "Source": "CRAN",
      "RemoteType": "standard",
      "RemoteRef": "RefManageR",
      "RemoteRepos": "https://cran.rstudio.com",
      "RemoteSha": "1.2.12",
      "Hash": "be50a3e5da94dc2c4aaeeffd95802e60"
    },
    "Rhdf5lib": {
      "Package": "Rhdf5lib",
      "Version": "1.6.0",
      "Source": "Bioconductor",
      "RemoteType": "standard",
      "RemoteRef": "Rhdf5lib",
      "RemoteRepos": "https://bioconductor.org/packages/3.9/bioc",
      "RemoteSha": "1.6.0",
      "Hash": "bc46addf515137a2180f4ad1b460935b"
    },
    "S4Vectors": {
      "Package": "S4Vectors",
      "Version": "0.22.0",
      "Source": "Bioconductor",
      "RemoteType": "standard",
      "RemoteRef": "S4Vectors",
      "RemoteRepos": "https://bioconductor.org/packages/3.9/bioc",
      "RemoteSha": "0.22.0",
      "Hash": "99655451c14f8b7aefaff4dc973d6deb"
    },
    "XVector": {
      "Package": "XVector",
      "Version": "0.24.0",
      "Source": "Bioconductor",
      "RemoteType": "standard",
      "RemoteRef": "XVector",
      "RemoteRepos": "https://bioconductor.org/packages/3.9/bioc",
      "RemoteSha": "0.24.0",
      "Hash": "2033f5c0b5c68ff6cb1cd06d51814ff5"
    },
    "aSPU": {
      "Package": "aSPU",
      "Version": "1.48",
      "Source": "CRAN",
      "RemoteType": "standard",
      "RemoteRef": "aSPU",
      "RemoteRepos": "https://cran.rstudio.com",
      "RemoteSha": "1.48",
      "Hash": "71cb092a83a11739bc365e0dbdfe6dc6"
    },
    "ade4": {
      "Package": "ade4",
      "Version": "1.7-13",
      "Source": "CRAN",
      "RemoteType": "standard",
      "RemoteRef": "ade4",
      "RemoteRepos": "https://cran.rstudio.com",
      "RemoteSha": "1.7-13",
      "Hash": "4f45341bcd27a59e33e66cb7f1474019"
    },
    "animation": {
      "Package": "animation",
      "Version": "2.6",
      "Source": "CRAN",
      "RemoteType": "standard",
      "RemoteRef": "animation",
      "RemoteRepos": "https://cran.rstudio.com",
      "RemoteSha": "2.6",
      "Hash": "675c765d3c666bc6e6b310d3d5cb2d68"
    },
    "ape": {
      "Package": "ape",
      "Version": "5.3",
      "Source": "CRAN",
      "RemoteType": "standard",
      "RemoteRef": "ape",
      "RemoteRepos": "https://cran.rstudio.com",
      "RemoteSha": "5.3",
      "Hash": "d630561004aee62320468baf943a6d14"
    },
    "askpass": {
      "Package": "askpass",
      "Version": "1.1",
      "Source": "CRAN",
      "Hash": "46678e19f261db289be40292d8e5d5bf"
    },
    "assertthat": {
      "Package": "assertthat",
      "Version": "0.2.1",
      "Source": "CRAN",
      "RemoteType": "standard",
      "RemoteRef": "assertthat",
      "RemoteRepos": "https://cran.rstudio.com",
      "RemoteSha": "0.2.1",
      "Hash": "19fb3d0ad048b4eb1a05cacffbae1f66"
    },
    "backports": {
      "Package": "backports",
      "Version": "1.1.4",
      "Source": "CRAN",
      "RemoteType": "standard",
      "RemoteRef": "backports",
      "RemoteRepos": "https://cran.rstudio.com",
      "RemoteSha": "1.1.4",
      "Hash": "2a78bf0825e0088e117520553ceb7fa5"
    },
    "base64enc": {
      "Package": "base64enc",
      "Version": "0.1-3",
      "Source": "CRAN",
      "RemoteType": "standard",
      "RemoteRef": "base64enc",
      "RemoteRepos": "https://cran.rstudio.com",
      "RemoteSha": "0.1-3",
      "Hash": "d355963b4b1c3039bfe8d65611a11cca"
    },
    "bayesm": {
      "Package": "bayesm",
      "Version": "3.1-3",
      "Source": "CRAN",
      "RemoteType": "standard",
      "RemoteRef": "bayesm",
      "RemoteRepos": "https://cran.rstudio.com",
      "RemoteSha": "3.1-3",
      "Hash": "7302e98a4d801aee0e6b36cee02d560b"
    },
    "bibtex": {
      "Package": "bibtex",
      "Version": "0.4.2",
      "Source": "CRAN",
      "RemoteType": "standard",
      "RemoteRef": "bibtex",
      "RemoteRepos": "https://cran.rstudio.com",
      "RemoteSha": "0.4.2",
      "Hash": "be63e68dae6e75f240cf5e674d20deaf"
    },
    "biomformat": {
      "Package": "biomformat",
      "Version": "1.12.0",
      "Source": "Bioconductor",
      "RemoteType": "standard",
      "RemoteRef": "biomformat",
      "RemoteRepos": "https://bioconductor.org/packages/3.9/bioc",
      "RemoteSha": "1.12.0",
      "Hash": "755f0bb2b7eb90f2cdf8f1f7a009150f"
    },
    "bit": {
      "Package": "bit",
      "Version": "1.1-14",
      "Source": "CRAN",
      "RemoteType": "standard",
      "RemoteRef": "bit",
      "RemoteRepos": "https://cran.rstudio.com",
      "RemoteSha": "1.1-14",
      "Hash": "14c9d405ee73e70732badc015e86c80d"
    },
    "bit64": {
      "Package": "bit64",
      "Version": "0.9-7",
      "Source": "CRAN",
      "RemoteType": "standard",
      "RemoteRef": "bit64",
      "RemoteRepos": "https://cran.rstudio.com",
      "RemoteSha": "0.9-7",
      "Hash": "64ae1c9c8241086a27118b56b4e3e7ed"
    },
    "blob": {
      "Package": "blob",
      "Version": "1.2.0",
      "Source": "CRAN",
      "RemoteType": "standard",
      "RemoteRef": "blob",
      "RemoteRepos": "https://cran.rstudio.com",
      "RemoteSha": "1.2.0",
      "Hash": "f2520660480388dbb1166c763ddff630"
    },
    "boot": {
      "Package": "boot",
      "Version": "1.3-23",
      "Source": "CRAN",
      "RemoteType": "standard",
      "RemoteRef": "boot",
      "RemoteRepos": "https://cran.rstudio.com",
      "RemoteSha": "1.3-23",
      "Hash": "7acd7cd8da575cbe664ae2301d127007"
    },
    "brew": {
      "Package": "brew",
      "Version": "1.0-6",
      "Source": "CRAN",
      "Hash": "190fd31e9253446523a8ee4642229516"
    },
    "callr": {
      "Package": "callr",
      "Version": "3.3.1",
      "Source": "CRAN",
      "Hash": "8717839a3fd3e4c1a0604b801737bf46"
    },
    "citr": {
      "Package": "citr",
      "Version": "0.3.1",
      "Source": "CRAN",
      "RemoteType": "standard",
      "RemoteRef": "citr",
      "RemoteRepos": "https://cran.rstudio.com",
      "RemoteSha": "0.3.1",
      "Hash": "ae12b697c1e76e1fc98649cea290c2f9"
    },
    "cli": {
      "Package": "cli",
      "Version": "1.1.0",
      "Source": "CRAN",
      "Hash": "afe84164b279f8a042553bbb92135a53"
    },
    "clipr": {
      "Package": "clipr",
      "Version": "0.7.0",
      "Source": "CRAN",
      "Hash": "9a99b54d2baf9393d0a68b6ea9513ee6"
    },
    "clisymbols": {
      "Package": "clisymbols",
      "Version": "1.2.0",
      "Source": "CRAN",
      "Hash": "679ce6f89fa69be71255c5dfa7c1ef79"
    },
    "cluster": {
      "Package": "cluster",
      "Version": "2.1.0",
      "Source": "CRAN",
      "RemoteType": "standard",
      "RemoteRef": "cluster",
      "RemoteRepos": "https://cran.rstudio.com",
      "RemoteSha": "2.1.0",
      "Hash": "d683a0521c6448259522eb63627c3807"
    },
    "clusterGeneration": {
      "Package": "clusterGeneration",
      "Version": "1.3.4",
      "Source": "CRAN",
      "RemoteType": "standard",
      "RemoteRef": "clusterGeneration",
      "RemoteRepos": "https://cran.rstudio.com",
      "RemoteSha": "1.3.4",
      "Hash": "084aadd2a5022498ce062d84c0993ea7"
    },
    "coda": {
      "Package": "coda",
      "Version": "0.19-3",
      "Source": "CRAN",
      "RemoteType": "standard",
      "RemoteRef": "coda",
      "RemoteRepos": "https://cran.rstudio.com",
      "RemoteSha": "0.19-3",
      "Hash": "a286fe19601803ce6d2cb5f35e07629c"
    },
    "codetools": {
      "Package": "codetools",
      "Version": "0.2-16",
      "Source": "CRAN",
      "RemoteType": "standard",
      "RemoteRef": "codetools",
      "RemoteRepos": "https://cran.rstudio.com",
      "RemoteSha": "0.2-16",
      "Hash": "3bf2a0853d7faf7f865d0b877946e452"
    },
    "colorspace": {
      "Package": "colorspace",
      "Version": "1.4-1",
      "Source": "CRAN",
      "RemoteType": "standard",
      "RemoteRef": "colorspace",
      "RemoteRepos": "https://cran.rstudio.com",
      "RemoteSha": "1.4-1",
      "Hash": "c25d49739abb6ebf4b3d0c3565574226"
    },
    "combinat": {
      "Package": "combinat",
      "Version": "0.0-8",
      "Source": "CRAN",
      "RemoteType": "standard",
      "RemoteRef": "combinat",
      "RemoteRepos": "https://cran.rstudio.com",
      "RemoteSha": "0.0-8",
      "Hash": "f249ca8c10c1495740d3795ab3a5dbd3"
    },
    "commonmark": {
      "Package": "commonmark",
      "Version": "1.7",
      "Source": "CRAN",
      "Hash": "af7f698e0328e0474f794452177deca6"
    },
    "compositions": {
      "Package": "compositions",
      "Version": "1.40-2",
      "Source": "CRAN",
      "RemoteType": "standard",
      "RemoteRef": "compositions",
      "RemoteRepos": "https://cran.rstudio.com",
      "RemoteSha": "1.40-2",
      "Hash": "237a6c8debc00202f22972ed86bc7306"
    },
    "cowplot": {
      "Package": "cowplot",
      "Version": "1.0.0",
      "Source": "CRAN",
      "RemoteType": "standard",
      "RemoteRef": "cowplot",
      "RemoteRepos": "https://cran.rstudio.com",
      "RemoteSha": "1.0.0",
      "Hash": "bae8bf4011199676a147077514a8a5c8"
    },
    "crayon": {
      "Package": "crayon",
      "Version": "1.3.4",
      "Source": "CRAN",
      "Hash": "3e188e7d426eacaa5c01377bd91dbdb4"
    },
    "curl": {
      "Package": "curl",
      "Version": "4.0",
      "Source": "CRAN",
      "Hash": "7dc1d02a04a75510424d2c7404fadfa7"
    },
    "data.table": {
      "Package": "data.table",
      "Version": "1.12.2",
      "Source": "CRAN",
      "RemoteType": "standard",
      "RemoteRef": "data.table",
      "RemoteRepos": "https://cran.rstudio.com",
      "RemoteSha": "1.12.2",
      "Hash": "f2f76b5c5394350c4d4ee77dab51d35c"
    },
    "desc": {
      "Package": "desc",
      "Version": "1.2.0",
      "Source": "CRAN",
      "Hash": "8162b37b3fc60911070b567abc948a21"
    },
    "devtools": {
      "Package": "devtools",
      "Version": "2.1.0",
      "Source": "CRAN",
      "Hash": "30e711b77a5bfa480161015ead405a0d"
    },
    "digest": {
      "Package": "digest",
      "Version": "0.6.20",
      "Source": "CRAN",
      "RemoteType": "standard",
      "RemoteRef": "digest",
      "RemoteRepos": "https://cran.rstudio.com",
      "RemoteSha": "0.6.20",
      "Hash": "e90f6670040b5aec92425051fc13ac1c"
    },
    "dotCall64": {
      "Package": "dotCall64",
      "Version": "1.0-0",
      "Source": "CRAN",
      "RemoteType": "standard",
      "RemoteRef": "dotCall64",
      "RemoteRepos": "https://cran.rstudio.com",
      "RemoteSha": "1.0-0",
      "Hash": "9bd49c30d149b728f46d89ffc49698f1"
    },
    "dplyr": {
      "Package": "dplyr",
      "Version": "0.8.3",
      "Source": "CRAN",
      "RemoteType": "standard",
      "RemoteRef": "dplyr",
      "RemoteRepos": "https://cran.rstudio.com",
      "RemoteSha": "0.8.3",
      "Hash": "48610cc7579a5d78e101acf2817a9c54"
    },
    "ellipsis": {
      "Package": "ellipsis",
      "Version": "0.2.0.1",
      "Source": "CRAN",
      "RemoteType": "standard",
      "RemoteRef": "ellipsis",
      "RemoteRepos": "https://cran.rstudio.com",
      "RemoteSha": "0.2.0.1",
      "Hash": "a7a9b2ae023bf012744c480d3388c0c8"
    },
    "energy": {
      "Package": "energy",
      "Version": "1.7-6",
      "Source": "CRAN",
      "RemoteType": "standard",
      "RemoteRef": "energy",
      "RemoteRepos": "https://cran.rstudio.com",
      "RemoteSha": "1.7-6",
      "Hash": "2b217ed33b46247a304851971ef5174f"
    },
    "evaluate": {
      "Package": "evaluate",
      "Version": "0.14",
      "Source": "CRAN",
      "Hash": "59ca2bfdcaf397f0a1694c8b33c24985"
    },
    "expm": {
      "Package": "expm",
      "Version": "0.999-4",
      "Source": "CRAN",
      "RemoteType": "standard",
      "RemoteRef": "expm",
      "RemoteRepos": "https://cran.rstudio.com",
      "RemoteSha": "0.999-4",
      "Hash": "ee93e0e493c2812ab76202826eeb13c0"
    },
    "fansi": {
      "Package": "fansi",
      "Version": "0.4.0",
      "Source": "CRAN",
      "RemoteType": "standard",
      "RemoteRef": "fansi",
      "RemoteRepos": "https://cran.rstudio.com",
      "RemoteSha": "0.4.0",
      "Hash": "cd87b0162287f0da225edfaa2fd3a20c"
    },
    "fastmatch": {
      "Package": "fastmatch",
      "Version": "1.1-0",
      "Source": "CRAN",
      "RemoteType": "standard",
      "RemoteRef": "fastmatch",
      "RemoteRepos": "https://cran.rstudio.com",
      "RemoteSha": "1.1-0",
      "Hash": "b3b208a19a4467665c6f8c51dc63c76c"
    },
    "fields": {
      "Package": "fields",
      "Version": "9.8-3",
      "Source": "CRAN",
      "RemoteType": "standard",
      "RemoteRef": "fields",
      "RemoteRepos": "https://cran.rstudio.com",
      "RemoteSha": "9.8-3",
      "Hash": "86aef3775a1a499a9522c4d6815077eb"
    },
    "foreach": {
      "Package": "foreach",
      "Version": "1.4.7",
      "Source": "CRAN",
      "RemoteType": "standard",
      "RemoteRef": "foreach",
      "RemoteRepos": "https://cran.rstudio.com",
      "RemoteSha": "1.4.7",
      "Hash": "679941326860ea87464d7f010341fb05"
    },
    "fs": {
      "Package": "fs",
      "Version": "1.3.1",
      "Source": "CRAN",
      "Hash": "dba7e43c4103d978cb7c95b97987cc68"
    },
    "gee": {
      "Package": "gee",
      "Version": "4.13-19",
      "Source": "CRAN",
      "RemoteType": "standard",
      "RemoteRef": "gee",
      "RemoteRepos": "https://cran.rstudio.com",
      "RemoteSha": "4.13-19",
      "Hash": "5c5bb62a4d9b42270aae1f9e31b50240"
    },
    "getopt": {
      "Package": "getopt",
      "Version": "1.20.3",
      "Source": "CRAN",
      "RemoteType": "standard",
      "RemoteRef": "getopt",
      "RemoteRepos": "https://cran.rstudio.com",
      "RemoteSha": "1.20.3",
      "Hash": "996823d4415ffee765549fb8636463c3"
    },
    "ggplot2": {
      "Package": "ggplot2",
      "Version": "3.2.0",
      "Source": "CRAN",
      "RemoteType": "standard",
      "RemoteRef": "ggplot2",
      "RemoteRepos": "https://cran.rstudio.com",
      "RemoteSha": "3.2.0",
      "Hash": "e3b95a7458944efa0ebbb903bcdbe168"
    },
    "ggpubr": {
      "Package": "ggpubr",
      "Version": "0.2.2",
      "Source": "CRAN",
      "RemoteType": "standard",
      "RemoteRef": "ggpubr",
      "RemoteRepos": "https://cran.rstudio.com",
      "RemoteSha": "0.2.2",
      "Hash": "9c80a76beacd3bdf2cc2d4f3279ab441"
    },
    "ggrepel": {
      "Package": "ggrepel",
      "Version": "0.8.1",
      "Source": "CRAN",
      "RemoteType": "standard",
      "RemoteRef": "ggrepel",
      "RemoteRepos": "https://cran.rstudio.com",
      "RemoteSha": "0.8.1",
      "Hash": "61257084e976294d3c97de988469d019"
    },
    "ggsci": {
      "Package": "ggsci",
      "Version": "2.9",
      "Source": "CRAN",
      "RemoteType": "standard",
      "RemoteRef": "ggsci",
      "RemoteRepos": "https://cran.rstudio.com",
      "RemoteSha": "2.9",
      "Hash": "f42bc4b0ee6da5125eb1268985121ad6"
    },
    "ggsignif": {
      "Package": "ggsignif",
      "Version": "0.6.0",
      "Source": "CRAN",
      "RemoteType": "standard",
      "RemoteRef": "ggsignif",
      "RemoteRepos": "https://cran.rstudio.com",
      "RemoteSha": "0.6.0",
      "Hash": "9e277d8d9d16fae2a45b90395961036a"
    },
    "gh": {
      "Package": "gh",
      "Version": "1.0.1",
      "Source": "CRAN",
      "Hash": "e45587944dfde8d1d44314d18b0716c0"
    },
    "git2r": {
      "Package": "git2r",
      "Version": "0.26.1",
      "Source": "CRAN",
      "Hash": "22ea14e8f582d4a83a273f24ac43e27e"
    },
    "glue": {
      "Package": "glue",
      "Version": "1.3.1",
      "Source": "CRAN",
      "RemoteType": "standard",
      "RemoteRef": "glue",
      "RemoteRepos": "https://cran.rstudio.com",
      "RemoteSha": "1.3.1",
      "Hash": "e8436e647719b7c9d01409767cd88cc8"
    },
    "gridExtra": {
      "Package": "gridExtra",
      "Version": "2.3",
      "Source": "CRAN",
      "RemoteType": "standard",
      "RemoteRef": "gridExtra",
      "RemoteRepos": "https://cran.rstudio.com",
      "RemoteSha": "2.3",
      "Hash": "4626f6a59a3b1095e7bdc7bd02a3107f"
    },
    "gtable": {
      "Package": "gtable",
      "Version": "0.3.0",
      "Source": "CRAN",
      "RemoteType": "standard",
      "RemoteRef": "gtable",
      "RemoteRepos": "https://cran.rstudio.com",
      "RemoteSha": "0.3.0",
      "Hash": "6a58b2980a57345822ec5f9c7d2d1751"
    },
    "gtools": {
      "Package": "gtools",
      "Version": "3.8.1",
      "Source": "CRAN",
      "RemoteType": "standard",
      "RemoteRef": "gtools",
      "RemoteRepos": "https://cran.rstudio.com",
      "RemoteSha": "3.8.1",
      "Hash": "a1f1f79c481c077e9dba0fdaac442372"
    },
    "highr": {
      "Package": "highr",
      "Version": "0.8",
      "Source": "CRAN",
      "RemoteType": "standard",
      "RemoteRef": "highr",
      "RemoteRepos": "https://cran.rstudio.com",
      "RemoteSha": "0.8",
      "Hash": "43e36bc8bca1d8256f86933659c46349"
    },
    "htmltools": {
      "Package": "htmltools",
      "Version": "0.3.6",
      "Source": "CRAN",
      "RemoteType": "standard",
      "RemoteRef": "htmltools",
      "RemoteRepos": "https://cran.rstudio.com",
      "RemoteSha": "0.3.6",
      "Hash": "5132526e7fb28a2c20d1ef443d5c4644"
    },
    "httpuv": {
      "Package": "httpuv",
      "Version": "1.5.1",
      "Source": "CRAN",
      "RemoteType": "standard",
      "RemoteRef": "httpuv",
      "RemoteRepos": "https://cran.rstudio.com",
      "RemoteSha": "1.5.1",
      "Hash": "3e4206eb62d89401a2a990eba9b3ecac"
    },
    "httr": {
      "Package": "httr",
      "Version": "1.4.0",
      "Source": "CRAN",
      "Hash": "4a241c31afac61ea4a8a672aa5b0b098"
    },
    "igraph": {
      "Package": "igraph",
      "Version": "1.2.4.1",
      "Source": "CRAN",
      "RemoteType": "standard",
      "RemoteRef": "igraph",
      "RemoteRepos": "https://cran.rstudio.com",
      "RemoteSha": "1.2.4.1",
      "Hash": "e0d607e631b0d1d435062cb9e33d6470"
    },
    "ini": {
      "Package": "ini",
      "Version": "0.3.1",
      "Source": "CRAN",
      "Hash": "4a15d8cfc931554fb2e71d66c1313b45"
    },
    "iterators": {
      "Package": "iterators",
      "Version": "1.0.12",
      "Source": "CRAN",
      "RemoteType": "standard",
      "RemoteRef": "iterators",
      "RemoteRepos": "https://cran.rstudio.com",
      "RemoteSha": "1.0.12",
      "Hash": "30ef58a17d970ae05c85793da79152d6"
    },
    "jsonlite": {
      "Package": "jsonlite",
      "Version": "1.6",
      "Source": "CRAN",
      "Hash": "b7e67b6a7bc2fdae729c0f3ff9026a8a"
    },
    "knitr": {
      "Package": "knitr",
      "Version": "1.23",
      "Source": "CRAN",
      "RemoteType": "standard",
      "RemoteRef": "knitr",
      "RemoteRepos": "https://cran.rstudio.com",
      "RemoteSha": "1.23",
      "Hash": "234398e123ef6741d95ba39bd3f6c337"
    },
    "labeling": {
      "Package": "labeling",
      "Version": "0.3",
      "Source": "CRAN",
      "RemoteType": "standard",
      "RemoteRef": "labeling",
      "RemoteRepos": "https://cran.rstudio.com",
      "RemoteSha": "0.3",
      "Hash": "e1f613894f080d1eee41c34b281a2184"
    },
    "later": {
      "Package": "later",
      "Version": "0.8.0",
      "Source": "CRAN",
      "RemoteType": "standard",
      "RemoteRef": "later",
      "RemoteRepos": "https://cran.rstudio.com",
      "RemoteSha": "0.8.0",
      "Hash": "4d5b806a328e0da75f0f0d4653676552"
    },
    "lattice": {
      "Package": "lattice",
      "Version": "0.20-38",
      "Source": "CRAN",
      "RemoteType": "standard",
      "RemoteRef": "lattice",
      "RemoteRepos": "https://cran.rstudio.com",
      "RemoteSha": "0.20-38",
      "Hash": "6f7aa123115b33bc9ad1ca800874b1de"
    },
    "lazyeval": {
      "Package": "lazyeval",
      "Version": "0.2.2",
      "Source": "CRAN",
      "RemoteType": "standard",
      "RemoteRef": "lazyeval",
      "RemoteRepos": "https://cran.rstudio.com",
      "RemoteSha": "0.2.2",
      "Hash": "d2f5e98b8b7ae633e252830c3243c2ab"
    },
    "lubridate": {
      "Package": "lubridate",
      "Version": "1.7.4",
      "Source": "CRAN",
      "RemoteType": "standard",
      "RemoteRef": "lubridate",
      "RemoteRepos": "https://cran.rstudio.com",
      "RemoteSha": "1.7.4",
      "Hash": "d55fdb3732a8f047e49b86064dd78984"
    },
    "magick": {
      "Package": "magick",
      "Version": "2.1",
      "Source": "CRAN",
      "RemoteType": "standard",
      "RemoteRef": "magick",
      "RemoteRepos": "https://cran.rstudio.com",
      "RemoteSha": "2.1",
      "Hash": "4f74e544addf4174c17109772326d136"
    },
    "magrittr": {
      "Package": "magrittr",
      "Version": "1.5",
      "Source": "CRAN",
      "RemoteType": "standard",
      "RemoteRef": "magrittr",
      "RemoteRepos": "https://cran.rstudio.com",
      "RemoteSha": "1.5",
      "Hash": "dee1d97cffddfd3ed969e224bd0826d0"
    },
    "maps": {
      "Package": "maps",
      "Version": "3.3.0",
      "Source": "CRAN",
      "RemoteType": "standard",
      "RemoteRef": "maps",
      "RemoteRepos": "https://cran.rstudio.com",
      "RemoteSha": "3.3.0",
      "Hash": "641f790ed99da9f7af30c7628c589453"
    },
    "markdown": {
      "Package": "markdown",
      "Version": "1.0",
      "Source": "CRAN",
      "RemoteType": "standard",
      "RemoteRef": "markdown",
      "RemoteRepos": "https://cran.rstudio.com",
      "RemoteSha": "1.0",
      "Hash": "4584a57f565dd7987d59dda3a02cfb41"
    },
    "matrixStats": {
      "Package": "matrixStats",
      "Version": "0.54.0",
      "Source": "CRAN",
      "RemoteType": "standard",
      "RemoteRef": "matrixStats",
      "RemoteRepos": "https://cran.rstudio.com",
      "RemoteSha": "0.54.0",
      "Hash": "77ec3ece2b64d82fe2d7ef4c7f8db6db"
    },
    "memoise": {
      "Package": "memoise",
      "Version": "1.1.0",
      "Source": "CRAN",
      "RemoteType": "standard",
      "RemoteRef": "memoise",
      "RemoteRepos": "https://cran.rstudio.com",
      "RemoteSha": "1.1.0",
      "Hash": "58ca8288d707ffaf085ee6d0d35a4ae9"
    },
    "mgcv": {
      "Package": "mgcv",
      "Version": "1.8-28",
      "Source": "CRAN",
      "RemoteType": "standard",
      "RemoteRef": "mgcv",
      "RemoteRepos": "https://cran.rstudio.com",
      "RemoteSha": "1.8-28",
      "Hash": "6ac256e4fdcf33c11f9ed987927cc614"
    },
    "mime": {
      "Package": "mime",
      "Version": "0.7",
      "Source": "CRAN",
      "Hash": "908d95ccbfd1dd274073ef07a7c93934"
    },
    "miniUI": {
      "Package": "miniUI",
      "Version": "0.1.1.1",
      "Source": "CRAN",
      "RemoteType": "standard",
      "RemoteRef": "miniUI",
      "RemoteRepos": "https://cran.rstudio.com",
      "RemoteSha": "0.1.1.1",
      "Hash": "53236ac4d8dcc50446bbb83c45e024cd"
    },
    "mnormt": {
      "Package": "mnormt",
      "Version": "1.5-5",
      "Source": "CRAN",
      "RemoteType": "standard",
      "RemoteRef": "mnormt",
      "RemoteRepos": "https://cran.rstudio.com",
      "RemoteSha": "1.5-5",
      "Hash": "9261d4d0dc099d55240daad994ea31b0"
    },
    "multtest": {
      "Package": "multtest",
      "Version": "2.40.0",
      "Source": "Bioconductor",
      "RemoteType": "standard",
      "RemoteRef": "multtest",
      "RemoteRepos": "https://bioconductor.org/packages/3.9/bioc",
      "RemoteSha": "2.40.0",
      "Hash": "b56e95fdbfa59def9c3464c06860ae34"
    },
    "munsell": {
      "Package": "munsell",
      "Version": "0.5.0",
      "Source": "CRAN",
      "RemoteType": "standard",
      "RemoteRef": "munsell",
      "RemoteRepos": "https://cran.rstudio.com",
      "RemoteSha": "0.5.0",
      "Hash": "9111af6c6dec65538ebd3de6c0bae864"
    },
    "mvtnorm": {
      "Package": "mvtnorm",
      "Version": "1.0-11",
      "Source": "CRAN",
      "RemoteType": "standard",
      "RemoteRef": "mvtnorm",
      "RemoteRepos": "https://cran.rstudio.com",
      "RemoteSha": "1.0-11",
      "Hash": "976bd3e7229aefd84d9d5cf032646601"
    },
    "nlme": {
      "Package": "nlme",
      "Version": "3.1-141",
      "Source": "CRAN",
      "RemoteType": "standard",
      "RemoteRef": "nlme",
      "RemoteRepos": "https://cran.rstudio.com",
      "RemoteSha": "3.1-141",
      "Hash": "32e3b186199ec305ac02f09b5f2da0b1"
    },
    "numDeriv": {
      "Package": "numDeriv",
      "Version": "2016.8-1.1",
      "Source": "CRAN",
      "RemoteType": "standard",
      "RemoteRef": "numDeriv",
      "RemoteRepos": "https://cran.rstudio.com",
      "RemoteSha": "2016.8-1.1",
      "Hash": "10548c749c529a01a2c0e5cbc9d93aa2"
    },
    "openssl": {
      "Package": "openssl",
      "Version": "1.4.1",
      "Source": "CRAN",
      "Hash": "6c438de366d5693238d1c400deb66cb6"
    },
    "optparse": {
      "Package": "optparse",
      "Version": "1.6.2",
      "Source": "CRAN",
      "RemoteType": "standard",
      "RemoteRef": "optparse",
      "RemoteRepos": "https://cran.rstudio.com",
      "RemoteSha": "1.6.2",
      "Hash": "9c0ebdea7cacb8808033a6044fe6b0f0"
    },
    "permute": {
      "Package": "permute",
      "Version": "0.9-5",
      "Source": "CRAN",
      "RemoteType": "standard",
      "RemoteRef": "permute",
      "RemoteRepos": "https://cran.rstudio.com",
      "RemoteSha": "0.9-5",
      "Hash": "c08cb98cb7a2d53bb38a0397a1896fc2"
    },
    "phangorn": {
      "Package": "phangorn",
      "Version": "2.5.5",
      "Source": "CRAN",
      "RemoteType": "standard",
      "RemoteRef": "phangorn",
      "RemoteRepos": "https://cran.rstudio.com",
      "RemoteSha": "2.5.5",
      "Hash": "0ae038540dc2cc1c55978f73f18694f3"
    },
    "phyloseq": {
      "Package": "phyloseq",
      "Version": "1.28.0",
      "Source": "Bioconductor",
      "RemoteType": "standard",
      "RemoteRef": "phyloseq",
      "RemoteRepos": "https://bioconductor.org/packages/3.9/bioc",
      "RemoteSha": "1.28.0",
      "Hash": "40c418774dfc58314cfa18c400de0193"
    },
    "phytools": {
      "Package": "phytools",
      "Version": "0.6-99",
      "Source": "CRAN",
      "RemoteType": "standard",
      "RemoteRef": "phytools",
      "RemoteRepos": "https://cran.rstudio.com",
      "RemoteSha": "0.6-99",
      "Hash": "1a020c17f0047cff665942e4e1130bb9"
    },
    "pillar": {
      "Package": "pillar",
      "Version": "1.4.2",
      "Source": "CRAN",
      "RemoteType": "standard",
      "RemoteRef": "pillar",
      "RemoteRepos": "https://cran.rstudio.com",
      "RemoteSha": "1.4.2",
      "Hash": "c99c8d07241a2252510535f66b48c348"
    },
    "pkgbuild": {
      "Package": "pkgbuild",
      "Version": "1.0.3",
      "Source": "CRAN",
      "Hash": "1e8100d85ef7b9cddded115d62d7365a"
    },
    "pkgconfig": {
      "Package": "pkgconfig",
      "Version": "2.0.2",
      "Source": "CRAN",
      "RemoteType": "standard",
      "RemoteRef": "pkgconfig",
      "RemoteRepos": "https://cran.rstudio.com",
      "RemoteSha": "2.0.2",
      "Hash": "1ae5a0799a552f4aa8d2f3221086979b"
    },
    "pkgload": {
      "Package": "pkgload",
      "Version": "1.0.2",
      "Source": "CRAN",
      "Hash": "f214a72af3442fdd3396ceccbb7d7f44"
    },
    "plogr": {
      "Package": "plogr",
      "Version": "0.2.0",
      "Source": "CRAN",
      "RemoteType": "standard",
      "RemoteRef": "plogr",
      "RemoteRepos": "https://cran.rstudio.com",
      "RemoteSha": "0.2.0",
      "Hash": "0a6a3e0fb4217eeac60c8141140561ad"
    },
    "plotrix": {
      "Package": "plotrix",
      "Version": "3.7-6",
      "Source": "CRAN",
      "RemoteType": "standard",
      "RemoteRef": "plotrix",
      "RemoteRepos": "https://cran.rstudio.com",
      "RemoteSha": "3.7-6",
      "Hash": "272b8f33c6593770d2cc2b0a2946ad4d"
    },
    "plyr": {
      "Package": "plyr",
      "Version": "1.8.4",
      "Source": "CRAN",
      "RemoteType": "standard",
      "RemoteRef": "plyr",
      "RemoteRepos": "https://cran.rstudio.com",
      "RemoteSha": "1.8.4",
      "Hash": "37dd0f3aadee2ac99e47168f4bffddb7"
    },
    "polynom": {
      "Package": "polynom",
      "Version": "1.4-0",
      "Source": "CRAN",
      "RemoteType": "standard",
      "RemoteRef": "polynom",
      "RemoteRepos": "https://cran.rstudio.com",
      "RemoteSha": "1.4-0",
      "Hash": "b6d95b8b8c64321e838d3c18b6ebff65"
    },
    "praise": {
      "Package": "praise",
      "Version": "1.0.0",
      "Source": "CRAN",
      "Hash": "3940f2f321d5fa9fb72b8887b0454660"
    },
    "prettyunits": {
      "Package": "prettyunits",
      "Version": "1.0.2",
      "Source": "CRAN",
      "RemoteType": "standard",
      "RemoteRef": "prettyunits",
      "RemoteRepos": "https://cran.rstudio.com",
      "RemoteSha": "1.0.2",
      "Hash": "33ce93b23647e85c127f8e1bb08604fc"
    },
    "processx": {
      "Package": "processx",
      "Version": "3.4.1",
      "Source": "CRAN",
      "Hash": "77d0bf10129ceeceaccc7b6efb063498"
    },
    "promises": {
      "Package": "promises",
      "Version": "1.0.1",
      "Source": "CRAN",
      "RemoteType": "standard",
      "RemoteRef": "promises",
      "RemoteRepos": "https://cran.rstudio.com",
      "RemoteSha": "1.0.1",
      "Hash": "f80d162b7cef7e36a0134d1f1084e36d"
    },
    "ps": {
      "Package": "ps",
      "Version": "1.3.0",
      "Source": "CRAN",
      "Hash": "faa54aa6023f5813608d53edf656faa2"
    },
    "purrr": {
      "Package": "purrr",
      "Version": "0.3.2",
      "Source": "CRAN",
      "Hash": "c360ab7eabd6e38a83f2475eb97c6344"
    },
    "quadprog": {
      "Package": "quadprog",
      "Version": "1.5-7",
      "Source": "CRAN",
      "RemoteType": "standard",
      "RemoteRef": "quadprog",
      "RemoteRepos": "https://cran.rstudio.com",
      "RemoteSha": "1.5-7",
      "Hash": "6f8440b84b06210c8f88b8d8cd89f8ca"
    },
    "rcmdcheck": {
      "Package": "rcmdcheck",
      "Version": "1.3.3",
      "Source": "CRAN",
      "Hash": "ff845fde96f7efe64f9e30abfb269afc"
    },
    "remotes": {
      "Package": "remotes",
      "Version": "2.1.0",
      "Source": "CRAN",
      "Hash": "02f53841c44f6ba7047d94aa1a6caf3a"
    },
    "reshape2": {
      "Package": "reshape2",
      "Version": "1.4.3",
      "Source": "CRAN",
      "RemoteType": "standard",
      "RemoteRef": "reshape2",
      "RemoteRepos": "https://cran.rstudio.com",
      "RemoteSha": "1.4.3",
      "Hash": "ac685130d1a25e3f6470960fd29c5693"
    },
    "rhdf5": {
      "Package": "rhdf5",
      "Version": "2.28.0",
      "Source": "Bioconductor",
      "RemoteType": "standard",
      "RemoteRef": "rhdf5",
      "RemoteRepos": "https://bioconductor.org/packages/3.9/bioc",
      "RemoteSha": "2.28.0",
      "Hash": "c24cff1e1416193e7dd58b4d25d7e630"
    },
    "rlang": {
      "Package": "rlang",
      "Version": "0.4.0",
      "Source": "CRAN",
      "RemoteType": "standard",
      "RemoteRef": "rlang",
      "RemoteRepos": "https://cran.rstudio.com",
      "RemoteSha": "0.4.0",
      "Hash": "8f1bf3a54c8844dc254baabba61cb6a9"
    },
    "rmarkdown": {
      "Package": "rmarkdown",
      "Version": "1.14",
      "Source": "CRAN",
      "RemoteType": "standard",
      "RemoteRef": "rmarkdown",
      "RemoteRepos": "https://cran.rstudio.com",
      "RemoteSha": "1.14",
      "Hash": "b712ba012c5d17214b872a47f40a611e"
    },
    "robustbase": {
      "Package": "robustbase",
      "Version": "0.93-5",
      "Source": "CRAN",
      "RemoteType": "standard",
      "RemoteRef": "robustbase",
      "RemoteRepos": "https://cran.rstudio.com",
      "RemoteSha": "0.93-5",
      "Hash": "275cc8197da046f7f01f7f4c284200be"
    },
    "roxygen2": {
      "Package": "roxygen2",
      "Version": "6.1.1",
      "Source": "CRAN",
      "Hash": "5c44ac973ec9b56efd7990e4b4464699"
    },
    "rprojroot": {
      "Package": "rprojroot",
      "Version": "1.3-2",
      "Source": "CRAN",
      "Hash": "2219ad7b7593cd3fb9e5bd5058c55e0d"
    },
    "rstudioapi": {
      "Package": "rstudioapi",
      "Version": "0.10",
      "Source": "CRAN",
      "Hash": "04552808fd065fdf0fec7bad340eb83c"
    },
    "scales": {
      "Package": "scales",
      "Version": "1.0.0",
      "Source": "CRAN",
      "RemoteType": "standard",
      "RemoteRef": "scales",
      "RemoteRepos": "https://cran.rstudio.com",
      "RemoteSha": "1.0.0",
      "Hash": "a96e9571cd875b7b934990d85b7a3c18"
    },
    "scatterplot3d": {
      "Package": "scatterplot3d",
      "Version": "0.3-41",
      "Source": "CRAN",
      "RemoteType": "standard",
      "RemoteRef": "scatterplot3d",
      "RemoteRepos": "https://cran.rstudio.com",
      "RemoteSha": "0.3-41",
      "Hash": "5809c80c8cee04af62aca43386feb74e"
    },
    "sessioninfo": {
      "Package": "sessioninfo",
      "Version": "1.1.1",
      "Source": "CRAN",
      "Hash": "2386a1e84809b0822cc5194d9a524764"
    },
    "shiny": {
      "Package": "shiny",
      "Version": "1.3.2",
      "Source": "CRAN",
      "RemoteType": "standard",
      "RemoteRef": "shiny",
      "RemoteRepos": "https://cran.rstudio.com",
      "RemoteSha": "1.3.2",
      "Hash": "3f96ad878877e005bcf6093c5c7efd9e"
    },
    "shinyjs": {
      "Package": "shinyjs",
      "Version": "1.0",
      "Source": "CRAN",
      "RemoteType": "standard",
      "RemoteRef": "shinyjs",
      "RemoteRepos": "https://cran.rstudio.com",
      "RemoteSha": "1.0",
      "Hash": "f80ba8b88aa5cd27157e8cd3bbd7cc35"
    },
    "sourcetools": {
      "Package": "sourcetools",
      "Version": "0.1.7",
      "Source": "CRAN",
      "RemoteType": "standard",
      "RemoteRef": "sourcetools",
      "RemoteRepos": "https://cran.rstudio.com",
      "RemoteSha": "0.1.7",
      "Hash": "fc68fa34b8576eaa5a845a46ad75e214"
    },
    "spam": {
      "Package": "spam",
      "Version": "2.2-2",
      "Source": "CRAN",
      "RemoteType": "standard",
      "RemoteRef": "spam",
      "RemoteRepos": "https://cran.rstudio.com",
      "RemoteSha": "2.2-2",
      "Hash": "ad02092282cd0b1bea1eea8f24598873"
    },
    "stringi": {
      "Package": "stringi",
      "Version": "1.4.3",
      "Source": "CRAN",
      "Hash": "113506f116db9dd5bd1caf46884e0647"
    },
    "stringr": {
      "Package": "stringr",
      "Version": "1.4.0",
      "Source": "CRAN",
      "Hash": "41d6310ad18bd019a203d7adc496a28b"
    },
    "survival": {
      "Package": "survival",
      "Version": "2.44-1.1",
      "Source": "CRAN",
      "RemoteType": "standard",
      "RemoteRef": "survival",
      "RemoteRepos": "https://cran.rstudio.com",
      "RemoteSha": "2.44-1.1",
      "Hash": "20bdedb74dc2c866f51e4ec9133480b1"
    },
    "sys": {
      "Package": "sys",
      "Version": "3.2",
      "Source": "CRAN",
      "Hash": "b41aaa296cccf8cf990a07bbe4498dd5"
    },
    "tensorA": {
      "Package": "tensorA",
      "Version": "0.36.1",
      "Source": "CRAN",
      "RemoteType": "standard",
      "RemoteRef": "tensorA",
      "RemoteRepos": "https://cran.rstudio.com",
      "RemoteSha": "0.36.1",
      "Hash": "1709356e40deca887f987cdf5dde794a"
    },
    "testthat": {
      "Package": "testthat",
      "Version": "2.2.1",
      "Source": "CRAN",
      "Hash": "3e86adb988cb96c5b30b01ec56719ac4"
    },
    "tibble": {
      "Package": "tibble",
      "Version": "2.1.3",
      "Source": "CRAN",
      "RemoteType": "standard",
      "RemoteRef": "tibble",
      "RemoteRepos": "https://cran.rstudio.com",
      "RemoteSha": "2.1.3",
      "Hash": "181d4191601ec2c2e500c3f2694efa43"
    },
    "tidyr": {
      "Package": "tidyr",
      "Version": "0.8.3",
      "Source": "CRAN",
      "RemoteType": "standard",
      "RemoteRef": "tidyr",
      "RemoteRepos": "https://cran.rstudio.com",
      "RemoteSha": "0.8.3",
      "Hash": "51442fddca0f783dce03baffbe5b790b"
    },
    "tidyselect": {
      "Package": "tidyselect",
      "Version": "0.2.5",
      "Source": "CRAN",
      "RemoteType": "standard",
      "RemoteRef": "tidyselect",
      "RemoteRepos": "https://cran.rstudio.com",
      "RemoteSha": "0.2.5",
      "Hash": "dc3fcbc21f04b293e0794e24982cf357"
    },
    "tinytex": {
      "Package": "tinytex",
      "Version": "0.14",
      "Source": "CRAN",
      "RemoteType": "standard",
      "RemoteRef": "tinytex",
      "RemoteRepos": "https://cran.rstudio.com",
      "RemoteSha": "0.14",
      "Hash": "8b44776bb72008230fc51a956870741e"
    },
    "usethis": {
      "Package": "usethis",
      "Version": "1.5.1",
      "Source": "CRAN",
      "Hash": "d9554c06c56d30d6361b5b24b8c5b083"
    },
    "utf8": {
      "Package": "utf8",
      "Version": "1.1.4",
      "Source": "CRAN",
      "RemoteType": "standard",
      "RemoteRef": "utf8",
      "RemoteRepos": "https://cran.rstudio.com",
      "RemoteSha": "1.1.4",
      "Hash": "3f1a5a5b184f63379f8e6c08d5036c53"
    },
    "vctrs": {
      "Package": "vctrs",
      "Version": "0.2.0",
      "Source": "CRAN",
      "RemoteType": "standard",
      "RemoteRef": "vctrs",
      "RemoteRepos": "https://cran.rstudio.com",
      "RemoteSha": "0.2.0",
      "Hash": "4bdc6a6c4c5a434d880b73817d4ea641"
    },
    "vegan": {
      "Package": "vegan",
      "Version": "2.5-5",
      "Source": "CRAN",
      "RemoteType": "standard",
      "RemoteRef": "vegan",
      "RemoteRepos": "https://cran.rstudio.com",
      "RemoteSha": "2.5-5",
      "Hash": "de8c21a8d15c90fd24e930317decbab5"
    },
    "viridisLite": {
      "Package": "viridisLite",
      "Version": "0.3.0",
      "Source": "CRAN",
      "RemoteType": "standard",
      "RemoteRef": "viridisLite",
      "RemoteRepos": "https://cran.rstudio.com",
      "RemoteSha": "0.3.0",
      "Hash": "e417b458139d37fd2774b50ffbd8de83"
    },
    "whisker": {
      "Package": "whisker",
      "Version": "0.3-2",
      "Source": "CRAN",
      "Hash": "c6d8a035a88c6e3222f0efaac18406f6"
    },
    "withr": {
      "Package": "withr",
      "Version": "2.1.2",
      "Source": "CRAN",
      "Hash": "835e875c9adfac2c10e042d09c33043c"
    },
    "xfun": {
      "Package": "xfun",
      "Version": "0.8",
      "Source": "CRAN",
      "RemoteType": "standard",
      "RemoteRef": "xfun",
      "RemoteRepos": "https://cran.rstudio.com",
      "RemoteSha": "0.8",
      "Hash": "56f4a24b253e08ec48a45ec0eb60653d"
    },
    "xml2": {
      "Package": "xml2",
      "Version": "1.2.1",
      "Source": "CRAN",
      "Hash": "ce87ecc1989b80cfdfcf3c3fbcf4f1d1"
    },
    "xopen": {
      "Package": "xopen",
      "Version": "1.0.0",
      "Source": "CRAN",
      "Hash": "afbc45a40cfe6a05d61b938d74fbc0ac"
    },
    "xtable": {
      "Package": "xtable",
      "Version": "1.8-4",
      "Source": "CRAN",
      "RemoteType": "standard",
      "RemoteRef": "xtable",
      "RemoteRepos": "https://cran.rstudio.com",
      "RemoteSha": "1.8-4",
      "Hash": "48f60fcc0974ce72870076d48038df2d"
    },
    "yaml": {
      "Package": "yaml",
      "Version": "2.2.0",
      "Source": "CRAN",
      "Hash": "3a313c96061c4ac790de611dc57ebd1f"
    },
    "zeallot": {
      "Package": "zeallot",
      "Version": "0.1.0",
      "Source": "CRAN",
      "RemoteType": "standard",
      "RemoteRef": "zeallot",
      "RemoteRepos": "https://cran.rstudio.com",
      "RemoteSha": "0.1.0",
      "Hash": "45d65588b02d47970fc84adecb2ee664"
    },
    "zlibbioc": {
      "Package": "zlibbioc",
      "Version": "1.30.0",
      "Source": "Bioconductor",
      "RemoteType": "standard",
      "RemoteRef": "zlibbioc",
      "RemoteRepos": "https://bioconductor.org/packages/3.9/bioc",
      "RemoteSha": "1.30.0",
      "Hash": "cba7d1ac927c10163986b6ac6daabbd5"
    }
  }
}
