PackratFormat: 1.4
PackratVersion: 0.5.0
RVersion: 3.6.0
Repos: CRAN=https://cran.rstudio.com/

Package: BiocManager
Source: CRAN
Version: 1.30.4
Hash: 355639afbcb951bf238be84a81bb5b20

Package: BiocVersion
Source: Bioconductor
Version: 3.9.0
Hash: e8e059656f5207f1293caee7312e0166

Package: MCMCpack
Source: CRAN
Version: 1.4-4
Hash: 446fbb81ce77f068d279c3b4c90f7a3e
Requires: coda, mcmc, quantreg

Package: MatrixModels
Source: CRAN
Version: 0.4-1
Hash: 60a5c75e57aae4a0ce76cb7422939aaf

Package: SparseM
Source: CRAN
Version: 1.77
Hash: 08f1f60e1038957030bcd9f4a58d22d8

Package: coda
Source: CRAN
Version: 0.19-3
Hash: a6bd401a844d5fc9e5d9589dc0197acb

Package: getopt
Source: CRAN
Version: 1.20.3
Hash: ab38d3f237d72215f5850c142293303c

Package: gmm
Source: CRAN
Version: 1.6-2
Hash: b23dd1fcbb7adca8caa03e4d77967a58
Requires: sandwich

Package: mcmc
Source: CRAN
Version: 0.9-6
Hash: 8533c26f181bdfe38ac8446c24e13a4e

Package: mvtnorm
Source: CRAN
Version: 1.0-11
Hash: 9b5d395774a35e6e81213a11639a0500

Package: optparse
Source: CRAN
Version: 1.6.2
Hash: 2ae127e40229047c414d20c891ac25dc
Requires: getopt

Package: packrat
Source: CRAN
Version: 0.5.0
Hash: 498643e765d1442ba7b1160a1df3abf9

Package: quantreg
Source: CRAN
Version: 5.42.1
Hash: 88c3fda02d01f1b056f346073c37e9fc
Requires: MatrixModels, SparseM

Package: sandwich
Source: CRAN
Version: 2.5-1
Hash: 3d3a6c47db8f3e91713cc7d751b34f9d
Requires: zoo

Package: sparseDOSSA
Source: Bioconductor
Version: 1.8.0
Hash: d08bf78fae9ab160d5a26a49e7dd8fd4
Requires: MCMCpack, optparse, tmvtnorm

Package: tmvtnorm
Source: CRAN
Version: 1.4-10
Hash: 669bffc2fc3b18a83a2f795a51cd813a
Requires: gmm, mvtnorm

Package: zoo
Source: CRAN
Version: 1.8-6
Hash: 4a02754c8bc0522b2d528ddf2452c835
